
Microsoft Visual Studio Solution File, Format Version 12.00
# Visual Studio Version 17
VisualStudioVersion = 17.11.35303.130
MinimumVisualStudioVersion = 10.0.40219.1
Project("{FAE04EC0-301F-11D3-BF4B-00C04F79EFBC}") = "nieto-sergio-a2-drawingint", "nieto-sergio-a2-drawingint\nieto-sergio-a2-drawingint.csproj", "{21AA9B11-3F5D-4496-8DA6-D429F866817F}"
EndProject
Global
	GlobalSection(SolutionConfigurationPlatforms) = preSolution
		Debug|Any CPU = Debug|Any CPU
		Release|Any CPU = Release|Any CPU
	EndGlobalSection
	GlobalSection(ProjectConfigurationPlatforms) = postSolution
		{21AA9B11-3F5D-4496-8DA6-D429F866817F}.Debug|Any CPU.ActiveCfg = Debug|Any CPU
		{21AA9B11-3F5D-4496-8DA6-D429F866817F}.Debug|Any CPU.Build.0 = Debug|Any CPU
		{21AA9B11-3F5D-4496-8DA6-D429F866817F}.Release|Any CPU.ActiveCfg = Release|Any CPU
		{21AA9B11-3F5D-4496-8DA6-D429F866817F}.Release|Any CPU.Build.0 = Release|Any CPU
	EndGlobalSection
	GlobalSection(SolutionProperties) = preSolution
		HideSolutionNode = FALSE
	EndGlobalSection
	GlobalSection(ExtensibilityGlobals) = postSolution
		SolutionGuid = {329E5AC8-37E0-442F-8156-5849EA823844}
	EndGlobalSection
EndGlobal
